
Microsoft Visual Studio Solution File, Format Version 12.00
# Visual Studio 15
VisualStudioVersion = 15.0.26823.1
MinimumVisualStudioVersion = 10.0.40219.1
Project("{FAE04EC0-301F-11D3-BF4B-00C04F79EFBC}") = "Kata20170830_SumStringsasNumbers", "Kata20170830_SumStringsasNumbers\Kata20170830_SumStringsasNumbers.csproj", "{F1D79B1F-B8C2-4133-81BE-64099FC88E53}"
EndProject
Global
	GlobalSection(SolutionConfigurationPlatforms) = preSolution
		Debug|Any CPU = Debug|Any CPU
		Release|Any CPU = Release|Any CPU
	EndGlobalSection
	GlobalSection(ProjectConfigurationPlatforms) = postSolution
		{F1D79B1F-B8C2-4133-81BE-64099FC88E53}.Debug|Any CPU.ActiveCfg = Debug|Any CPU
		{F1D79B1F-B8C2-4133-81BE-64099FC88E53}.Debug|Any CPU.Build.0 = Debug|Any CPU
		{F1D79B1F-B8C2-4133-81BE-64099FC88E53}.Release|Any CPU.ActiveCfg = Release|Any CPU
		{F1D79B1F-B8C2-4133-81BE-64099FC88E53}.Release|Any CPU.Build.0 = Release|Any CPU
	EndGlobalSection
	GlobalSection(SolutionProperties) = preSolution
		HideSolutionNode = FALSE
	EndGlobalSection
	GlobalSection(ExtensibilityGlobals) = postSolution
		SolutionGuid = {0D14D4EC-33FB-4D10-96FA-3AD48F92620D}
	EndGlobalSection
	GlobalSection(CodealikeProperties) = postSolution
		SolutionGuid = 0d14d4ec-33fb-4d10-96fa-3ad48f92620d
	EndGlobalSection
EndGlobal
